// !$*UTF8*$!
{
	archiveVersion = 1;
	classes = {
	};
	objectVersion = 55;
	objects = {

/* Begin PBXBuildFile section */
		816B57F11FFCF2CBAD33658C /* Pods_FlixOne.framework in Frameworks */ = {isa = PBXBuildFile; fileRef = 9E7E5F7B4F009E3FA1E2DA73 /* Pods_FlixOne.framework */; };
		9B7710578321582388523F65 /* Pods_FlixOne_FlixOneUITests.framework in Frameworks */ = {isa = PBXBuildFile; fileRef = 50234B63B6542DC8FF5D9BC0 /* Pods_FlixOne_FlixOneUITests.framework */; };
		AE8FDA7CDAEB0B8D5E13BA75 /* Pods_FlixOneTests.framework in Frameworks */ = {isa = PBXBuildFile; fileRef = 1D74E857023217B415DB12BB /* Pods_FlixOneTests.framework */; };
		EB234A4327C6FAA000F2EFD9 /* AppDelegate.swift in Sources */ = {isa = PBXBuildFile; fileRef = EB234A4227C6FAA000F2EFD9 /* AppDelegate.swift */; };
		EB234A4527C6FAA000F2EFD9 /* SceneDelegate.swift in Sources */ = {isa = PBXBuildFile; fileRef = EB234A4427C6FAA000F2EFD9 /* SceneDelegate.swift */; };
		EB234A4727C6FAA000F2EFD9 /* ViewController.swift in Sources */ = {isa = PBXBuildFile; fileRef = EB234A4627C6FAA000F2EFD9 /* ViewController.swift */; };
		EB234A4A27C6FAA000F2EFD9 /* Main.storyboard in Resources */ = {isa = PBXBuildFile; fileRef = EB234A4827C6FAA000F2EFD9 /* Main.storyboard */; };
		EB234A4C27C6FAA100F2EFD9 /* Assets.xcassets in Resources */ = {isa = PBXBuildFile; fileRef = EB234A4B27C6FAA100F2EFD9 /* Assets.xcassets */; };
		EB234A4F27C6FAA100F2EFD9 /* LaunchScreen.storyboard in Resources */ = {isa = PBXBuildFile; fileRef = EB234A4D27C6FAA100F2EFD9 /* LaunchScreen.storyboard */; };
		EB234A5A27C6FAA100F2EFD9 /* FlixOneTests.swift in Sources */ = {isa = PBXBuildFile; fileRef = EB234A5927C6FAA100F2EFD9 /* FlixOneTests.swift */; };
		EB234A6427C6FAA100F2EFD9 /* FlixOneUITests.swift in Sources */ = {isa = PBXBuildFile; fileRef = EB234A6327C6FAA100F2EFD9 /* FlixOneUITests.swift */; };
		EB234A6627C6FAA100F2EFD9 /* FlixOneUITestsLaunchTests.swift in Sources */ = {isa = PBXBuildFile; fileRef = EB234A6527C6FAA100F2EFD9 /* FlixOneUITestsLaunchTests.swift */; };
		EBC7598127C9872A00D173D5 /* TableViewCell.swift in Sources */ = {isa = PBXBuildFile; fileRef = EBC7598027C9872A00D173D5 /* TableViewCell.swift */; };
		EBC7598427C98CF300D173D5 /* AlamofireImage in Frameworks */ = {isa = PBXBuildFile; productRef = EBC7598327C98CF300D173D5 /* AlamofireImage */; };
/* End PBXBuildFile section */

/* Begin PBXContainerItemProxy section */
		EB234A5627C6FAA100F2EFD9 /* PBXContainerItemProxy */ = {
			isa = PBXContainerItemProxy;
			containerPortal = EB234A3727C6FAA000F2EFD9 /* Project object */;
			proxyType = 1;
			remoteGlobalIDString = EB234A3E27C6FAA000F2EFD9;
			remoteInfo = FlixOne;
		};
		EB234A6027C6FAA100F2EFD9 /* PBXContainerItemProxy */ = {
			isa = PBXContainerItemProxy;
			containerPortal = EB234A3727C6FAA000F2EFD9 /* Project object */;
			proxyType = 1;
			remoteGlobalIDString = EB234A3E27C6FAA000F2EFD9;
			remoteInfo = FlixOne;
		};
/* End PBXContainerItemProxy section */

/* Begin PBXFileReference section */
		1D74E857023217B415DB12BB /* Pods_FlixOneTests.framework */ = {isa = PBXFileReference; explicitFileType = wrapper.framework; includeInIndex = 0; path = Pods_FlixOneTests.framework; sourceTree = BUILT_PRODUCTS_DIR; };
		3B9349F23C95AE855CB0B496 /* Pods-FlixOne-FlixOneUITests.debug.xcconfig */ = {isa = PBXFileReference; includeInIndex = 1; lastKnownFileType = text.xcconfig; name = "Pods-FlixOne-FlixOneUITests.debug.xcconfig"; path = "Target Support Files/Pods-FlixOne-FlixOneUITests/Pods-FlixOne-FlixOneUITests.debug.xcconfig"; sourceTree = "<group>"; };
		3C9E771095AB4ED3472A7918 /* Pods-FlixOneTests.release.xcconfig */ = {isa = PBXFileReference; includeInIndex = 1; lastKnownFileType = text.xcconfig; name = "Pods-FlixOneTests.release.xcconfig"; path = "Target Support Files/Pods-FlixOneTests/Pods-FlixOneTests.release.xcconfig"; sourceTree = "<group>"; };
		50234B63B6542DC8FF5D9BC0 /* Pods_FlixOne_FlixOneUITests.framework */ = {isa = PBXFileReference; explicitFileType = wrapper.framework; includeInIndex = 0; path = Pods_FlixOne_FlixOneUITests.framework; sourceTree = BUILT_PRODUCTS_DIR; };
		7A8AF6B427F036762D3D2189 /* Pods-FlixOne.debug.xcconfig */ = {isa = PBXFileReference; includeInIndex = 1; lastKnownFileType = text.xcconfig; name = "Pods-FlixOne.debug.xcconfig"; path = "Target Support Files/Pods-FlixOne/Pods-FlixOne.debug.xcconfig"; sourceTree = "<group>"; };
		819E3E54928A776808CBB773 /* Pods-FlixOneTests.debug.xcconfig */ = {isa = PBXFileReference; includeInIndex = 1; lastKnownFileType = text.xcconfig; name = "Pods-FlixOneTests.debug.xcconfig"; path = "Target Support Files/Pods-FlixOneTests/Pods-FlixOneTests.debug.xcconfig"; sourceTree = "<group>"; };
		8AF5D5DD83C298C3AB11E2F9 /* Pods-FlixOne-FlixOneUITests.release.xcconfig */ = {isa = PBXFileReference; includeInIndex = 1; lastKnownFileType = text.xcconfig; name = "Pods-FlixOne-FlixOneUITests.release.xcconfig"; path = "Target Support Files/Pods-FlixOne-FlixOneUITests/Pods-FlixOne-FlixOneUITests.release.xcconfig"; sourceTree = "<group>"; };
		9E7E5F7B4F009E3FA1E2DA73 /* Pods_FlixOne.framework */ = {isa = PBXFileReference; explicitFileType = wrapper.framework; includeInIndex = 0; path = Pods_FlixOne.framework; sourceTree = BUILT_PRODUCTS_DIR; };
		A9321BA6F1FBFC326CB9450B /* Pods-FlixOne.release.xcconfig */ = {isa = PBXFileReference; includeInIndex = 1; lastKnownFileType = text.xcconfig; name = "Pods-FlixOne.release.xcconfig"; path = "Target Support Files/Pods-FlixOne/Pods-FlixOne.release.xcconfig"; sourceTree = "<group>"; };
		EB234A3F27C6FAA000F2EFD9 /* FlixOne.app */ = {isa = PBXFileReference; explicitFileType = wrapper.application; includeInIndex = 0; path = FlixOne.app; sourceTree = BUILT_PRODUCTS_DIR; };
		EB234A4227C6FAA000F2EFD9 /* AppDelegate.swift */ = {isa = PBXFileReference; lastKnownFileType = sourcecode.swift; path = AppDelegate.swift; sourceTree = "<group>"; };
		EB234A4427C6FAA000F2EFD9 /* SceneDelegate.swift */ = {isa = PBXFileReference; lastKnownFileType = sourcecode.swift; path = SceneDelegate.swift; sourceTree = "<group>"; };
		EB234A4627C6FAA000F2EFD9 /* ViewController.swift */ = {isa = PBXFileReference; lastKnownFileType = sourcecode.swift; path = ViewController.swift; sourceTree = "<group>"; };
		EB234A4927C6FAA000F2EFD9 /* Base */ = {isa = PBXFileReference; lastKnownFileType = file.storyboard; name = Base; path = Base.lproj/Main.storyboard; sourceTree = "<group>"; };
		EB234A4B27C6FAA100F2EFD9 /* Assets.xcassets */ = {isa = PBXFileReference; lastKnownFileType = folder.assetcatalog; path = Assets.xcassets; sourceTree = "<group>"; };
		EB234A4E27C6FAA100F2EFD9 /* Base */ = {isa = PBXFileReference; lastKnownFileType = file.storyboard; name = Base; path = Base.lproj/LaunchScreen.storyboard; sourceTree = "<group>"; };
		EB234A5027C6FAA100F2EFD9 /* Info.plist */ = {isa = PBXFileReference; lastKnownFileType = text.plist.xml; path = Info.plist; sourceTree = "<group>"; };
		EB234A5527C6FAA100F2EFD9 /* FlixOneTests.xctest */ = {isa = PBXFileReference; explicitFileType = wrapper.cfbundle; includeInIndex = 0; path = FlixOneTests.xctest; sourceTree = BUILT_PRODUCTS_DIR; };
		EB234A5927C6FAA100F2EFD9 /* FlixOneTests.swift */ = {isa = PBXFileReference; lastKnownFileType = sourcecode.swift; path = FlixOneTests.swift; sourceTree = "<group>"; };
		EB234A5F27C6FAA100F2EFD9 /* FlixOneUITests.xctest */ = {isa = PBXFileReference; explicitFileType = wrapper.cfbundle; includeInIndex = 0; path = FlixOneUITests.xctest; sourceTree = BUILT_PRODUCTS_DIR; };
		EB234A6327C6FAA100F2EFD9 /* FlixOneUITests.swift */ = {isa = PBXFileReference; lastKnownFileType = sourcecode.swift; path = FlixOneUITests.swift; sourceTree = "<group>"; };
		EB234A6527C6FAA100F2EFD9 /* FlixOneUITestsLaunchTests.swift */ = {isa = PBXFileReference; lastKnownFileType = sourcecode.swift; path = FlixOneUITestsLaunchTests.swift; sourceTree = "<group>"; };
		EBC7598027C9872A00D173D5 /* TableViewCell.swift */ = {isa = PBXFileReference; lastKnownFileType = sourcecode.swift; path = TableViewCell.swift; sourceTree = "<group>"; };
/* End PBXFileReference section */

/* Begin PBXFrameworksBuildPhase section */
		EB234A3C27C6FAA000F2EFD9 /* Frameworks */ = {
			isa = PBXFrameworksBuildPhase;
			buildActionMask = 2147483647;
			files = (
				EBC7598427C98CF300D173D5 /* AlamofireImage in Frameworks */,
				816B57F11FFCF2CBAD33658C /* Pods_FlixOne.framework in Frameworks */,
			);
			runOnlyForDeploymentPostprocessing = 0;
		};
		EB234A5227C6FAA100F2EFD9 /* Frameworks */ = {
			isa = PBXFrameworksBuildPhase;
			buildActionMask = 2147483647;
			files = (
				AE8FDA7CDAEB0B8D5E13BA75 /* Pods_FlixOneTests.framework in Frameworks */,
			);
			runOnlyForDeploymentPostprocessing = 0;
		};
		EB234A5C27C6FAA100F2EFD9 /* Frameworks */ = {
			isa = PBXFrameworksBuildPhase;
			buildActionMask = 2147483647;
			files = (
				9B7710578321582388523F65 /* Pods_FlixOne_FlixOneUITests.framework in Frameworks */,
			);
			runOnlyForDeploymentPostprocessing = 0;
		};
/* End PBXFrameworksBuildPhase section */

/* Begin PBXGroup section */
		1BD64E2D9618752E4FEA9283 /* Frameworks */ = {
			isa = PBXGroup;
			children = (
				9E7E5F7B4F009E3FA1E2DA73 /* Pods_FlixOne.framework */,
				50234B63B6542DC8FF5D9BC0 /* Pods_FlixOne_FlixOneUITests.framework */,
				1D74E857023217B415DB12BB /* Pods_FlixOneTests.framework */,
			);
			name = Frameworks;
			sourceTree = "<group>";
		};
		D860D617227DA439701F6695 /* Pods */ = {
			isa = PBXGroup;
			children = (
				7A8AF6B427F036762D3D2189 /* Pods-FlixOne.debug.xcconfig */,
				A9321BA6F1FBFC326CB9450B /* Pods-FlixOne.release.xcconfig */,
				3B9349F23C95AE855CB0B496 /* Pods-FlixOne-FlixOneUITests.debug.xcconfig */,
				8AF5D5DD83C298C3AB11E2F9 /* Pods-FlixOne-FlixOneUITests.release.xcconfig */,
				819E3E54928A776808CBB773 /* Pods-FlixOneTests.debug.xcconfig */,
				3C9E771095AB4ED3472A7918 /* Pods-FlixOneTests.release.xcconfig */,
			);
			name = Pods;
			path = Pods;
			sourceTree = "<group>";
		};
		EB234A3627C6FAA000F2EFD9 = {
			isa = PBXGroup;
			children = (
				EB234A4127C6FAA000F2EFD9 /* FlixOne */,
				EB234A5827C6FAA100F2EFD9 /* FlixOneTests */,
				EB234A6227C6FAA100F2EFD9 /* FlixOneUITests */,
				EB234A4027C6FAA000F2EFD9 /* Products */,
				D860D617227DA439701F6695 /* Pods */,
				1BD64E2D9618752E4FEA9283 /* Frameworks */,
			);
			sourceTree = "<group>";
		};
		EB234A4027C6FAA000F2EFD9 /* Products */ = {
			isa = PBXGroup;
			children = (
				EB234A3F27C6FAA000F2EFD9 /* FlixOne.app */,
				EB234A5527C6FAA100F2EFD9 /* FlixOneTests.xctest */,
				EB234A5F27C6FAA100F2EFD9 /* FlixOneUITests.xctest */,
			);
			name = Products;
			sourceTree = "<group>";
		};
		EB234A4127C6FAA000F2EFD9 /* FlixOne */ = {
			isa = PBXGroup;
			children = (
				EB234A4227C6FAA000F2EFD9 /* AppDelegate.swift */,
				EB234A4427C6FAA000F2EFD9 /* SceneDelegate.swift */,
				EB234A4627C6FAA000F2EFD9 /* ViewController.swift */,
				EBC7598027C9872A00D173D5 /* TableViewCell.swift */,
				EB234A4827C6FAA000F2EFD9 /* Main.storyboard */,
				EB234A4B27C6FAA100F2EFD9 /* Assets.xcassets */,
				EB234A4D27C6FAA100F2EFD9 /* LaunchScreen.storyboard */,
				EB234A5027C6FAA100F2EFD9 /* Info.plist */,
			);
			path = FlixOne;
			sourceTree = "<group>";
		};
		EB234A5827C6FAA100F2EFD9 /* FlixOneTests */ = {
			isa = PBXGroup;
			children = (
				EB234A5927C6FAA100F2EFD9 /* FlixOneTests.swift */,
			);
			path = FlixOneTests;
			sourceTree = "<group>";
		};
		EB234A6227C6FAA100F2EFD9 /* FlixOneUITests */ = {
			isa = PBXGroup;
			children = (
				EB234A6327C6FAA100F2EFD9 /* FlixOneUITests.swift */,
				EB234A6527C6FAA100F2EFD9 /* FlixOneUITestsLaunchTests.swift */,
			);
			path = FlixOneUITests;
			sourceTree = "<group>";
		};
/* End PBXGroup section */

/* Begin PBXNativeTarget section */
		EB234A3E27C6FAA000F2EFD9 /* FlixOne */ = {
			isa = PBXNativeTarget;
			buildConfigurationList = EB234A6927C6FAA100F2EFD9 /* Build configuration list for PBXNativeTarget "FlixOne" */;
			buildPhases = (
				6A57294F90740AD4F89BFFC2 /* [CP] Check Pods Manifest.lock */,
				EB234A3B27C6FAA000F2EFD9 /* Sources */,
				EB234A3C27C6FAA000F2EFD9 /* Frameworks */,
				EB234A3D27C6FAA000F2EFD9 /* Resources */,
				F36BDFE5FE59CDACDC6E866E /* [CP] Embed Pods Frameworks */,
			);
			buildRules = (
			);
			dependencies = (
			);
			name = FlixOne;
			packageProductDependencies = (
				EBC7598327C98CF300D173D5 /* AlamofireImage */,
			);
			productName = FlixOne;
			productReference = EB234A3F27C6FAA000F2EFD9 /* FlixOne.app */;
			productType = "com.apple.product-type.application";
		};
		EB234A5427C6FAA100F2EFD9 /* FlixOneTests */ = {
			isa = PBXNativeTarget;
			buildConfigurationList = EB234A6C27C6FAA100F2EFD9 /* Build configuration list for PBXNativeTarget "FlixOneTests" */;
			buildPhases = (
				28F32A35D78BEAAB7CC6544E /* [CP] Check Pods Manifest.lock */,
				EB234A5127C6FAA100F2EFD9 /* Sources */,
				EB234A5227C6FAA100F2EFD9 /* Frameworks */,
				EB234A5327C6FAA100F2EFD9 /* Resources */,
			);
			buildRules = (
			);
			dependencies = (
				EB234A5727C6FAA100F2EFD9 /* PBXTargetDependency */,
			);
			name = FlixOneTests;
			productName = FlixOneTests;
			productReference = EB234A5527C6FAA100F2EFD9 /* FlixOneTests.xctest */;
			productType = "com.apple.product-type.bundle.unit-test";
		};
		EB234A5E27C6FAA100F2EFD9 /* FlixOneUITests */ = {
			isa = PBXNativeTarget;
			buildConfigurationList = EB234A6F27C6FAA100F2EFD9 /* Build configuration list for PBXNativeTarget "FlixOneUITests" */;
			buildPhases = (
				AE0662FBA1A87D9F27F23206 /* [CP] Check Pods Manifest.lock */,
				EB234A5B27C6FAA100F2EFD9 /* Sources */,
				EB234A5C27C6FAA100F2EFD9 /* Frameworks */,
				EB234A5D27C6FAA100F2EFD9 /* Resources */,
				4A467D01D4D01081D812BDF7 /* [CP] Embed Pods Frameworks */,
			);
			buildRules = (
			);
			dependencies = (
				EB234A6127C6FAA100F2EFD9 /* PBXTargetDependency */,
			);
			name = FlixOneUITests;
			productName = FlixOneUITests;
			productReference = EB234A5F27C6FAA100F2EFD9 /* FlixOneUITests.xctest */;
			productType = "com.apple.product-type.bundle.ui-testing";
		};
/* End PBXNativeTarget section */

/* Begin PBXProject section */
		EB234A3727C6FAA000F2EFD9 /* Project object */ = {
			isa = PBXProject;
			attributes = {
				BuildIndependentTargetsInParallel = 1;
				LastSwiftUpdateCheck = 1310;
				LastUpgradeCheck = 1310;
				TargetAttributes = {
					EB234A3E27C6FAA000F2EFD9 = {
						CreatedOnToolsVersion = 13.1;
					};
					EB234A5427C6FAA100F2EFD9 = {
						CreatedOnToolsVersion = 13.1;
						TestTargetID = EB234A3E27C6FAA000F2EFD9;
					};
					EB234A5E27C6FAA100F2EFD9 = {
						CreatedOnToolsVersion = 13.1;
						TestTargetID = EB234A3E27C6FAA000F2EFD9;
					};
				};
			};
			buildConfigurationList = EB234A3A27C6FAA000F2EFD9 /* Build configuration list for PBXProject "FlixOne" */;
			compatibilityVersion = "Xcode 13.0";
			developmentRegion = en;
			hasScannedForEncodings = 0;
			knownRegions = (
				en,
				Base,
			);
			mainGroup = EB234A3627C6FAA000F2EFD9;
			packageReferences = (
				EBC7598227C98CF300D173D5 /* XCRemoteSwiftPackageReference "AlamofireImage" */,
			);
			productRefGroup = EB234A4027C6FAA000F2EFD9 /* Products */;
			projectDirPath = "";
			projectRoot = "";
			targets = (
				EB234A3E27C6FAA000F2EFD9 /* FlixOne */,
				EB234A5427C6FAA100F2EFD9 /* FlixOneTests */,
				EB234A5E27C6FAA100F2EFD9 /* FlixOneUITests */,
			);
		};
/* End PBXProject section */

/* Begin PBXResourcesBuildPhase section */
		EB234A3D27C6FAA000F2EFD9 /* Resources */ = {
			isa = PBXResourcesBuildPhase;
			buildActionMask = 2147483647;
			files = (
				EB234A4F27C6FAA100F2EFD9 /* LaunchScreen.storyboard in Resources */,
				EB234A4C27C6FAA100F2EFD9 /* Assets.xcassets in Resources */,
				EB234A4A27C6FAA000F2EFD9 /* Main.storyboard in Resources */,
			);
			runOnlyForDeploymentPostprocessing = 0;
		};
		EB234A5327C6FAA100F2EFD9 /* Resources */ = {
			isa = PBXResourcesBuildPhase;
			buildActionMask = 2147483647;
			files = (
			);
			runOnlyForDeploymentPostprocessing = 0;
		};
		EB234A5D27C6FAA100F2EFD9 /* Resources */ = {
			isa = PBXResourcesBuildPhase;
			buildActionMask = 2147483647;
			files = (
			);
			runOnlyForDeploymentPostprocessing = 0;
		};
/* End PBXResourcesBuildPhase section */

/* Begin PBXShellScriptBuildPhase section */
		28F32A35D78BEAAB7CC6544E /* [CP] Check Pods Manifest.lock */ = {
			isa = PBXShellScriptBuildPhase;
			buildActionMask = 2147483647;
			files = (
			);
			inputFileListPaths = (
			);
			inputPaths = (
				"${PODS_PODFILE_DIR_PATH}/Podfile.lock",
				"${PODS_ROOT}/Manifest.lock",
			);
			name = "[CP] Check Pods Manifest.lock";
			outputFileListPaths = (
			);
			outputPaths = (
				"$(DERIVED_FILE_DIR)/Pods-FlixOneTests-checkManifestLockResult.txt",
			);
			runOnlyForDeploymentPostprocessing = 0;
			shellPath = /bin/sh;
			shellScript = "diff \"${PODS_PODFILE_DIR_PATH}/Podfile.lock\" \"${PODS_ROOT}/Manifest.lock\" > /dev/null\nif [ $? != 0 ] ; then\n    # print error to STDERR\n    echo \"error: The sandbox is not in sync with the Podfile.lock. Run 'pod install' or update your CocoaPods installation.\" >&2\n    exit 1\nfi\n# This output is used by Xcode 'outputs' to avoid re-running this script phase.\necho \"SUCCESS\" > \"${SCRIPT_OUTPUT_FILE_0}\"\n";
			showEnvVarsInLog = 0;
		};
		4A467D01D4D01081D812BDF7 /* [CP] Embed Pods Frameworks */ = {
			isa = PBXShellScriptBuildPhase;
			buildActionMask = 2147483647;
			files = (
			);
			inputFileListPaths = (
				"${PODS_ROOT}/Target Support Files/Pods-FlixOne-FlixOneUITests/Pods-FlixOne-FlixOneUITests-frameworks-${CONFIGURATION}-input-files.xcfilelist",
			);
			name = "[CP] Embed Pods Frameworks";
			outputFileListPaths = (
				"${PODS_ROOT}/Target Support Files/Pods-FlixOne-FlixOneUITests/Pods-FlixOne-FlixOneUITests-frameworks-${CONFIGURATION}-output-files.xcfilelist",
			);
			runOnlyForDeploymentPostprocessing = 0;
			shellPath = /bin/sh;
			shellScript = "\"${PODS_ROOT}/Target Support Files/Pods-FlixOne-FlixOneUITests/Pods-FlixOne-FlixOneUITests-frameworks.sh\"\n";
			showEnvVarsInLog = 0;
		};
		6A57294F90740AD4F89BFFC2 /* [CP] Check Pods Manifest.lock */ = {
			isa = PBXShellScriptBuildPhase;
			buildActionMask = 2147483647;
			files = (
			);
			inputFileListPaths = (
			);
			inputPaths = (
				"${PODS_PODFILE_DIR_PATH}/Podfile.lock",
				"${PODS_ROOT}/Manifest.lock",
			);
			name = "[CP] Check Pods Manifest.lock";
			outputFileListPaths = (
			);
			outputPaths = (
				"$(DERIVED_FILE_DIR)/Pods-FlixOne-checkManifestLockResult.txt",
			);
			runOnlyForDeploymentPostprocessing = 0;
			shellPath = /bin/sh;
			shellScript = "diff \"${PODS_PODFILE_DIR_PATH}/Podfile.lock\" \"${PODS_ROOT}/Manifest.lock\" > /dev/null\nif [ $? != 0 ] ; then\n    # print error to STDERR\n    echo \"error: The sandbox is not in sync with the Podfile.lock. Run 'pod install' or update your CocoaPods installation.\" >&2\n    exit 1\nfi\n# This output is used by Xcode 'outputs' to avoid re-running this script phase.\necho \"SUCCESS\" > \"${SCRIPT_OUTPUT_FILE_0}\"\n";
			showEnvVarsInLog = 0;
		};
		AE0662FBA1A87D9F27F23206 /* [CP] Check Pods Manifest.lock */ = {
			isa = PBXShellScriptBuildPhase;
			buildActionMask = 2147483647;
			files = (
			);
			inputFileListPaths = (
			);
			inputPaths = (
				"${PODS_PODFILE_DIR_PATH}/Podfile.lock",
				"${PODS_ROOT}/Manifest.lock",
			);
			name = "[CP] Check Pods Manifest.lock";
			outputFileListPaths = (
			);
			outputPaths = (
				"$(DERIVED_FILE_DIR)/Pods-FlixOne-FlixOneUITests-checkManifestLockResult.txt",
			);
			runOnlyForDeploymentPostprocessing = 0;
			shellPath = /bin/sh;
			shellScript = "diff \"${PODS_PODFILE_DIR_PATH}/Podfile.lock\" \"${PODS_ROOT}/Manifest.lock\" > /dev/null\nif [ $? != 0 ] ; then\n    # print error to STDERR\n    echo \"error: The sandbox is not in sync with the Podfile.lock. Run 'pod install' or update your CocoaPods installation.\" >&2\n    exit 1\nfi\n# This output is used by Xcode 'outputs' to avoid re-running this script phase.\necho \"SUCCESS\" > \"${SCRIPT_OUTPUT_FILE_0}\"\n";
			showEnvVarsInLog = 0;
		};
		F36BDFE5FE59CDACDC6E866E /* [CP] Embed Pods Frameworks */ = {
			isa = PBXShellScriptBuildPhase;
			buildActionMask = 2147483647;
			files = (
			);
			inputFileListPaths = (
				"${PODS_ROOT}/Target Support Files/Pods-FlixOne/Pods-FlixOne-frameworks-${CONFIGURATION}-input-files.xcfilelist",
			);
			name = "[CP] Embed Pods Frameworks";
			outputFileListPaths = (
				"${PODS_ROOT}/Target Support Files/Pods-FlixOne/Pods-FlixOne-frameworks-${CONFIGURATION}-output-files.xcfilelist",
			);
			runOnlyForDeploymentPostprocessing = 0;
			shellPath = /bin/sh;
			shellScript = "\"${PODS_ROOT}/Target Support Files/Pods-FlixOne/Pods-FlixOne-frameworks.sh\"\n";
			showEnvVarsInLog = 0;
		};
/* End PBXShellScriptBuildPhase section */

/* Begin PBXSourcesBuildPhase section */
		EB234A3B27C6FAA000F2EFD9 /* Sources */ = {
			isa = PBXSourcesBuildPhase;
			buildActionMask = 2147483647;
			files = (
				EB234A4727C6FAA000F2EFD9 /* ViewController.swift in Sources */,
				EBC7598127C9872A00D173D5 /* TableViewCell.swift in Sources */,
				EB234A4327C6FAA000F2EFD9 /* AppDelegate.swift in Sources */,
				EB234A4527C6FAA000F2EFD9 /* SceneDelegate.swift in Sources */,
			);
			runOnlyForDeploymentPostprocessing = 0;
		};
		EB234A5127C6FAA100F2EFD9 /* Sources */ = {
			isa = PBXSourcesBuildPhase;
			buildActionMask = 2147483647;
			files = (
				EB234A5A27C6FAA100F2EFD9 /* FlixOneTests.swift in Sources */,
			);
			runOnlyForDeploymentPostprocessing = 0;
		};
		EB234A5B27C6FAA100F2EFD9 /* Sources */ = {
			isa = PBXSourcesBuildPhase;
			buildActionMask = 2147483647;
			files = (
				EB234A6627C6FAA100F2EFD9 /* FlixOneUITestsLaunchTests.swift in Sources */,
				EB234A6427C6FAA100F2EFD9 /* FlixOneUITests.swift in Sources */,
			);
			runOnlyForDeploymentPostprocessing = 0;
		};
/* End PBXSourcesBuildPhase section */

/* Begin PBXTargetDependency section */
		EB234A5727C6FAA100F2EFD9 /* PBXTargetDependency */ = {
			isa = PBXTargetDependency;
			target = EB234A3E27C6FAA000F2EFD9 /* FlixOne */;
			targetProxy = EB234A5627C6FAA100F2EFD9 /* PBXContainerItemProxy */;
		};
		EB234A6127C6FAA100F2EFD9 /* PBXTargetDependency */ = {
			isa = PBXTargetDependency;
			target = EB234A3E27C6FAA000F2EFD9 /* FlixOne */;
			targetProxy = EB234A6027C6FAA100F2EFD9 /* PBXContainerItemProxy */;
		};
/* End PBXTargetDependency section */

/* Begin PBXVariantGroup section */
		EB234A4827C6FAA000F2EFD9 /* Main.storyboard */ = {
			isa = PBXVariantGroup;
			children = (
				EB234A4927C6FAA000F2EFD9 /* Base */,
			);
			name = Main.storyboard;
			sourceTree = "<group>";
		};
		EB234A4D27C6FAA100F2EFD9 /* LaunchScreen.storyboard */ = {
			isa = PBXVariantGroup;
			children = (
				EB234A4E27C6FAA100F2EFD9 /* Base */,
			);
			name = LaunchScreen.storyboard;
			sourceTree = "<group>";
		};
/* End PBXVariantGroup section */

/* Begin XCBuildConfiguration section */
		EB234A6727C6FAA100F2EFD9 /* Debug */ = {
			isa = XCBuildConfiguration;
			buildSettings = {
				ALWAYS_SEARCH_USER_PATHS = NO;
				CLANG_ANALYZER_NONNULL = YES;
				CLANG_ANALYZER_NUMBER_OBJECT_CONVERSION = YES_AGGRESSIVE;
				CLANG_CXX_LANGUAGE_STANDARD = "gnu++17";
				CLANG_CXX_LIBRARY = "libc++";
				CLANG_ENABLE_MODULES = YES;
				CLANG_ENABLE_OBJC_ARC = YES;
				CLANG_ENABLE_OBJC_WEAK = YES;
				CLANG_WARN_BLOCK_CAPTURE_AUTORELEASING = YES;
				CLANG_WARN_BOOL_CONVERSION = YES;
				CLANG_WARN_COMMA = YES;
				CLANG_WARN_CONSTANT_CONVERSION = YES;
				CLANG_WARN_DEPRECATED_OBJC_IMPLEMENTATIONS = YES;
				CLANG_WARN_DIRECT_OBJC_ISA_USAGE = YES_ERROR;
				CLANG_WARN_DOCUMENTATION_COMMENTS = YES;
				CLANG_WARN_EMPTY_BODY = YES;
				CLANG_WARN_ENUM_CONVERSION = YES;
				CLANG_WARN_INFINITE_RECURSION = YES;
				CLANG_WARN_INT_CONVERSION = YES;
				CLANG_WARN_NON_LITERAL_NULL_CONVERSION = YES;
				CLANG_WARN_OBJC_IMPLICIT_RETAIN_SELF = YES;
				CLANG_WARN_OBJC_LITERAL_CONVERSION = YES;
				CLANG_WARN_OBJC_ROOT_CLASS = YES_ERROR;
				CLANG_WARN_QUOTED_INCLUDE_IN_FRAMEWORK_HEADER = YES;
				CLANG_WARN_RANGE_LOOP_ANALYSIS = YES;
				CLANG_WARN_STRICT_PROTOTYPES = YES;
				CLANG_WARN_SUSPICIOUS_MOVE = YES;
				CLANG_WARN_UNGUARDED_AVAILABILITY = YES_AGGRESSIVE;
				CLANG_WARN_UNREACHABLE_CODE = YES;
				CLANG_WARN__DUPLICATE_METHOD_MATCH = YES;
				COPY_PHASE_STRIP = NO;
				DEBUG_INFORMATION_FORMAT = dwarf;
				ENABLE_STRICT_OBJC_MSGSEND = YES;
				ENABLE_TESTABILITY = YES;
				GCC_C_LANGUAGE_STANDARD = gnu11;
				GCC_DYNAMIC_NO_PIC = NO;
				GCC_NO_COMMON_BLOCKS = YES;
				GCC_OPTIMIZATION_LEVEL = 0;
				GCC_PREPROCESSOR_DEFINITIONS = (
					"DEBUG=1",
					"$(inherited)",
				);
				GCC_WARN_64_TO_32_BIT_CONVERSION = YES;
				GCC_WARN_ABOUT_RETURN_TYPE = YES_ERROR;
				GCC_WARN_UNDECLARED_SELECTOR = YES;
				GCC_WARN_UNINITIALIZED_AUTOS = YES_AGGRESSIVE;
				GCC_WARN_UNUSED_FUNCTION = YES;
				GCC_WARN_UNUSED_VARIABLE = YES;
				IPHONEOS_DEPLOYMENT_TARGET = 15.0;
				MTL_ENABLE_DEBUG_INFO = INCLUDE_SOURCE;
				MTL_FAST_MATH = YES;
				ONLY_ACTIVE_ARCH = YES;
				SDKROOT = iphoneos;
				SWIFT_ACTIVE_COMPILATION_CONDITIONS = DEBUG;
				SWIFT_OPTIMIZATION_LEVEL = "-Onone";
			};
			name = Debug;
		};
		EB234A6827C6FAA100F2EFD9 /* Release */ = {
			isa = XCBuildConfiguration;
			buildSettings = {
				ALWAYS_SEARCH_USER_PATHS = NO;
				CLANG_ANALYZER_NONNULL = YES;
				CLANG_ANALYZER_NUMBER_OBJECT_CONVERSION = YES_AGGRESSIVE;
				CLANG_CXX_LANGUAGE_STANDARD = "gnu++17";
				CLANG_CXX_LIBRARY = "libc++";
				CLANG_ENABLE_MODULES = YES;
				CLANG_ENABLE_OBJC_ARC = YES;
				CLANG_ENABLE_OBJC_WEAK = YES;
				CLANG_WARN_BLOCK_CAPTURE_AUTORELEASING = YES;
				CLANG_WARN_BOOL_CONVERSION = YES;
				CLANG_WARN_COMMA = YES;
				CLANG_WARN_CONSTANT_CONVERSION = YES;
				CLANG_WARN_DEPRECATED_OBJC_IMPLEMENTATIONS = YES;
				CLANG_WARN_DIRECT_OBJC_ISA_USAGE = YES_ERROR;
				CLANG_WARN_DOCUMENTATION_COMMENTS = YES;
				CLANG_WARN_EMPTY_BODY = YES;
				CLANG_WARN_ENUM_CONVERSION = YES;
				CLANG_WARN_INFINITE_RECURSION = YES;
				CLANG_WARN_INT_CONVERSION = YES;
				CLANG_WARN_NON_LITERAL_NULL_CONVERSION = YES;
				CLANG_WARN_OBJC_IMPLICIT_RETAIN_SELF = YES;
				CLANG_WARN_OBJC_LITERAL_CONVERSION = YES;
				CLANG_WARN_OBJC_ROOT_CLASS = YES_ERROR;
				CLANG_WARN_QUOTED_INCLUDE_IN_FRAMEWORK_HEADER = YES;
				CLANG_WARN_RANGE_LOOP_ANALYSIS = YES;
				CLANG_WARN_STRICT_PROTOTYPES = YES;
				CLANG_WARN_SUSPICIOUS_MOVE = YES;
				CLANG_WARN_UNGUARDED_AVAILABILITY = YES_AGGRESSIVE;
				CLANG_WARN_UNREACHABLE_CODE = YES;
				CLANG_WARN__DUPLICATE_METHOD_MATCH = YES;
				COPY_PHASE_STRIP = NO;
				DEBUG_INFORMATION_FORMAT = "dwarf-with-dsym";
				ENABLE_NS_ASSERTIONS = NO;
				ENABLE_STRICT_OBJC_MSGSEND = YES;
				GCC_C_LANGUAGE_STANDARD = gnu11;
				GCC_NO_COMMON_BLOCKS = YES;
				GCC_WARN_64_TO_32_BIT_CONVERSION = YES;
				GCC_WARN_ABOUT_RETURN_TYPE = YES_ERROR;
				GCC_WARN_UNDECLARED_SELECTOR = YES;
				GCC_WARN_UNINITIALIZED_AUTOS = YES_AGGRESSIVE;
				GCC_WARN_UNUSED_FUNCTION = YES;
				GCC_WARN_UNUSED_VARIABLE = YES;
				IPHONEOS_DEPLOYMENT_TARGET = 15.0;
				MTL_ENABLE_DEBUG_INFO = NO;
				MTL_FAST_MATH = YES;
				SDKROOT = iphoneos;
				SWIFT_COMPILATION_MODE = wholemodule;
				SWIFT_OPTIMIZATION_LEVEL = "-O";
				VALIDATE_PRODUCT = YES;
			};
			name = Release;
		};
		EB234A6A27C6FAA100F2EFD9 /* Debug */ = {
			isa = XCBuildConfiguration;
			baseConfigurationReference = 7A8AF6B427F036762D3D2189 /* Pods-FlixOne.debug.xcconfig */;
			buildSettings = {
				ASSETCATALOG_COMPILER_APPICON_NAME = AppIcon;
				ASSETCATALOG_COMPILER_GLOBAL_ACCENT_COLOR_NAME = AccentColor;
				CODE_SIGN_STYLE = Automatic;
				CURRENT_PROJECT_VERSION = 1;
				GENERATE_INFOPLIST_FILE = YES;
				INFOPLIST_FILE = FlixOne/Info.plist;
				INFOPLIST_KEY_UIApplicationSupportsIndirectInputEvents = YES;
				INFOPLIST_KEY_UILaunchStoryboardName = LaunchScreen;
				INFOPLIST_KEY_UIMainStoryboardFile = Main;
				INFOPLIST_KEY_UISupportedInterfaceOrientations_iPad = "UIInterfaceOrientationPortrait UIInterfaceOrientationPortraitUpsideDown UIInterfaceOrientationLandscapeLeft UIInterfaceOrientationLandscapeRight";
				INFOPLIST_KEY_UISupportedInterfaceOrientations_iPhone = "UIInterfaceOrientationPortrait UIInterfaceOrientationLandscapeLeft UIInterfaceOrientationLandscapeRight";
				LD_RUNPATH_SEARCH_PATHS = (
					"$(inherited)",
					"@executable_path/Frameworks",
				);
				MARKETING_VERSION = 1.0;
				PRODUCT_BUNDLE_IDENTIFIER = EduardoBDonovan.FlixOne;
				PRODUCT_NAME = "$(TARGET_NAME)";
				SWIFT_EMIT_LOC_STRINGS = YES;
				SWIFT_VERSION = 5.0;
				TARGETED_DEVICE_FAMILY = "1,2";
			};
			name = Debug;
		};
		EB234A6B27C6FAA100F2EFD9 /* Release */ = {
			isa = XCBuildConfiguration;
			baseConfigurationReference = A9321BA6F1FBFC326CB9450B /* Pods-FlixOne.release.xcconfig */;
			buildSettings = {
				ASSETCATALOG_COMPILER_APPICON_NAME = AppIcon;
				ASSETCATALOG_COMPILER_GLOBAL_ACCENT_COLOR_NAME = AccentColor;
				CODE_SIGN_STYLE = Automatic;
				CURRENT_PROJECT_VERSION = 1;
				GENERATE_INFOPLIST_FILE = YES;
				INFOPLIST_FILE = FlixOne/Info.plist;
				INFOPLIST_KEY_UIApplicationSupportsIndirectInputEvents = YES;
				INFOPLIST_KEY_UILaunchStoryboardName = LaunchScreen;
				INFOPLIST_KEY_UIMainStoryboardFile = Main;
				INFOPLIST_KEY_UISupportedInterfaceOrientations_iPad = "UIInterfaceOrientationPortrait UIInterfaceOrientationPortraitUpsideDown UIInterfaceOrientationLandscapeLeft UIInterfaceOrientationLandscapeRight";
				INFOPLIST_KEY_UISupportedInterfaceOrientations_iPhone = "UIInterfaceOrientationPortrait UIInterfaceOrientationLandscapeLeft UIInterfaceOrientationLandscapeRight";
				LD_RUNPATH_SEARCH_PATHS = (
					"$(inherited)",
					"@executable_path/Frameworks",
				);
				MARKETING_VERSION = 1.0;
				PRODUCT_BUNDLE_IDENTIFIER = EduardoBDonovan.FlixOne;
				PRODUCT_NAME = "$(TARGET_NAME)";
				SWIFT_EMIT_LOC_STRINGS = YES;
				SWIFT_VERSION = 5.0;
				TARGETED_DEVICE_FAMILY = "1,2";
			};
			name = Release;
		};
		EB234A6D27C6FAA100F2EFD9 /* Debug */ = {
			isa = XCBuildConfiguration;
			baseConfigurationReference = 819E3E54928A776808CBB773 /* Pods-FlixOneTests.debug.xcconfig */;
			buildSettings = {
				ALWAYS_EMBED_SWIFT_STANDARD_LIBRARIES = YES;
				BUNDLE_LOADER = "$(TEST_HOST)";
				CODE_SIGN_STYLE = Automatic;
				CURRENT_PROJECT_VERSION = 1;
				GENERATE_INFOPLIST_FILE = YES;
				IPHONEOS_DEPLOYMENT_TARGET = 15.0;
				LD_RUNPATH_SEARCH_PATHS = (
					"$(inherited)",
					"@executable_path/Frameworks",
					"@loader_path/Frameworks",
				);
				MARKETING_VERSION = 1.0;
				PRODUCT_BUNDLE_IDENTIFIER = EduardoBDonovan.FlixOneTests;
				PRODUCT_NAME = "$(TARGET_NAME)";
				SWIFT_EMIT_LOC_STRINGS = NO;
				SWIFT_VERSION = 5.0;
				TARGETED_DEVICE_FAMILY = "1,2";
				TEST_HOST = "$(BUILT_PRODUCTS_DIR)/FlixOne.app/FlixOne";
			};
			name = Debug;
		};
		EB234A6E27C6FAA100F2EFD9 /* Release */ = {
			isa = XCBuildConfiguration;
			baseConfigurationReference = 3C9E771095AB4ED3472A7918 /* Pods-FlixOneTests.release.xcconfig */;
			buildSettings = {
				ALWAYS_EMBED_SWIFT_STANDARD_LIBRARIES = YES;
				BUNDLE_LOADER = "$(TEST_HOST)";
				CODE_SIGN_STYLE = Automatic;
				CURRENT_PROJECT_VERSION = 1;
				GENERATE_INFOPLIST_FILE = YES;
				IPHONEOS_DEPLOYMENT_TARGET = 15.0;
				LD_RUNPATH_SEARCH_PATHS = (
					"$(inherited)",
					"@executable_path/Frameworks",
					"@loader_path/Frameworks",
				);
				MARKETING_VERSION = 1.0;
				PRODUCT_BUNDLE_IDENTIFIER = EduardoBDonovan.FlixOneTests;
				PRODUCT_NAME = "$(TARGET_NAME)";
				SWIFT_EMIT_LOC_STRINGS = NO;
				SWIFT_VERSION = 5.0;
				TARGETED_DEVICE_FAMILY = "1,2";
				TEST_HOST = "$(BUILT_PRODUCTS_DIR)/FlixOne.app/FlixOne";
			};
			name = Release;
		};
		EB234A7027C6FAA100F2EFD9 /* Debug */ = {
			isa = XCBuildConfiguration;
			baseConfigurationReference = 3B9349F23C95AE855CB0B496 /* Pods-FlixOne-FlixOneUITests.debug.xcconfig */;
			buildSettings = {
				ALWAYS_EMBED_SWIFT_STANDARD_LIBRARIES = YES;
				CODE_SIGN_STYLE = Automatic;
				CURRENT_PROJECT_VERSION = 1;
				GENERATE_INFOPLIST_FILE = YES;
				LD_RUNPATH_SEARCH_PATHS = (
					"$(inherited)",
					"@executable_path/Frameworks",
					"@loader_path/Frameworks",
				);
				MARKETING_VERSION = 1.0;
				PRODUCT_BUNDLE_IDENTIFIER = EduardoBDonovan.FlixOneUITests;
				PRODUCT_NAME = "$(TARGET_NAME)";
				SWIFT_EMIT_LOC_STRINGS = NO;
				SWIFT_VERSION = 5.0;
				TARGETED_DEVICE_FAMILY = "1,2";
				TEST_TARGET_NAME = FlixOne;
			};
			name = Debug;
		};
		EB234A7127C6FAA100F2EFD9 /* Release */ = {
			isa = XCBuildConfiguration;
			baseConfigurationReference = 8AF5D5DD83C298C3AB11E2F9 /* Pods-FlixOne-FlixOneUITests.release.xcconfig */;
			buildSettings = {
				ALWAYS_EMBED_SWIFT_STANDARD_LIBRARIES = YES;
				CODE_SIGN_STYLE = Automatic;
				CURRENT_PROJECT_VERSION = 1;
				GENERATE_INFOPLIST_FILE = YES;
				LD_RUNPATH_SEARCH_PATHS = (
					"$(inherited)",
					"@executable_path/Frameworks",
					"@loader_path/Frameworks",
				);
				MARKETING_VERSION = 1.0;
				PRODUCT_BUNDLE_IDENTIFIER = EduardoBDonovan.FlixOneUITests;
				PRODUCT_NAME = "$(TARGET_NAME)";
				SWIFT_EMIT_LOC_STRINGS = NO;
				SWIFT_VERSION = 5.0;
				TARGETED_DEVICE_FAMILY = "1,2";
				TEST_TARGET_NAME = FlixOne;
			};
			name = Release;
		};
/* End XCBuildConfiguration section */

/* Begin XCConfigurationList section */
		EB234A3A27C6FAA000F2EFD9 /* Build configuration list for PBXProject "FlixOne" */ = {
			isa = XCConfigurationList;
			buildConfigurations = (
				EB234A6727C6FAA100F2EFD9 /* Debug */,
				EB234A6827C6FAA100F2EFD9 /* Release */,
			);
			defaultConfigurationIsVisible = 0;
			defaultConfigurationName = Release;
		};
		EB234A6927C6FAA100F2EFD9 /* Build configuration list for PBXNativeTarget "FlixOne" */ = {
			isa = XCConfigurationList;
			buildConfigurations = (
				EB234A6A27C6FAA100F2EFD9 /* Debug */,
				EB234A6B27C6FAA100F2EFD9 /* Release */,
			);
			defaultConfigurationIsVisible = 0;
			defaultConfigurationName = Release;
		};
		EB234A6C27C6FAA100F2EFD9 /* Build configuration list for PBXNativeTarget "FlixOneTests" */ = {
			isa = XCConfigurationList;
			buildConfigurations = (
				EB234A6D27C6FAA100F2EFD9 /* Debug */,
				EB234A6E27C6FAA100F2EFD9 /* Release */,
			);
			defaultConfigurationIsVisible = 0;
			defaultConfigurationName = Release;
		};
		EB234A6F27C6FAA100F2EFD9 /* Build configuration list for PBXNativeTarget "FlixOneUITests" */ = {
			isa = XCConfigurationList;
			buildConfigurations = (
				EB234A7027C6FAA100F2EFD9 /* Debug */,
				EB234A7127C6FAA100F2EFD9 /* Release */,
			);
			defaultConfigurationIsVisible = 0;
			defaultConfigurationName = Release;
		};
/* End XCConfigurationList section */

/* Begin XCRemoteSwiftPackageReference section */
		EBC7598227C98CF300D173D5 /* XCRemoteSwiftPackageReference "AlamofireImage" */ = {
			isa = XCRemoteSwiftPackageReference;
			repositoryURL = "https://github.com/Alamofire/AlamofireImage";
			requirement = {
				kind = upToNextMajorVersion;
				minimumVersion = 4.0.0;
			};
		};
/* End XCRemoteSwiftPackageReference section */

/* Begin XCSwiftPackageProductDependency section */
		EBC7598327C98CF300D173D5 /* AlamofireImage */ = {
			isa = XCSwiftPackageProductDependency;
			package = EBC7598227C98CF300D173D5 /* XCRemoteSwiftPackageReference "AlamofireImage" */;
			productName = AlamofireImage;
		};
/* End XCSwiftPackageProductDependency section */
	};
	rootObject = EB234A3727C6FAA000F2EFD9 /* Project object */;
}
